// !$*UTF8*$!
{
	archiveVersion = 1;
	classes = {
	};
	objectVersion = 46;
	objects = {

/* Begin PBXBuildFile section */
		59DA15B529F6D0A64EA820D6 /* libPods-yelpper.a in Frameworks */ = {isa = PBXBuildFile; fileRef = CF70FECB92522FD79DCBBC94 /* libPods-yelpper.a */; };
		5C4692361BC91BE400835DF9 /* AppDelegate.swift in Sources */ = {isa = PBXBuildFile; fileRef = 5C4692351BC91BE400835DF9 /* AppDelegate.swift */; };
		5C46923B1BC91BE400835DF9 /* Main.storyboard in Resources */ = {isa = PBXBuildFile; fileRef = 5C4692391BC91BE400835DF9 /* Main.storyboard */; };
		5C46923D1BC91BE400835DF9 /* Assets.xcassets in Resources */ = {isa = PBXBuildFile; fileRef = 5C46923C1BC91BE400835DF9 /* Assets.xcassets */; };
		5C4692401BC91BE400835DF9 /* LaunchScreen.storyboard in Resources */ = {isa = PBXBuildFile; fileRef = 5C46923E1BC91BE400835DF9 /* LaunchScreen.storyboard */; };
		8ED792A41BC9239E00E1F17D /* loginViewController.swift in Sources */ = {isa = PBXBuildFile; fileRef = 8ED792A31BC9239E00E1F17D /* loginViewController.swift */; settings = {ASSET_TAGS = (); }; };
		8ED792A61BC9242000E1F17D /* optionsViewController.swift in Sources */ = {isa = PBXBuildFile; fileRef = 8ED792A51BC9242000E1F17D /* optionsViewController.swift */; settings = {ASSET_TAGS = (); }; };
		8ED792A91BC924C900E1F17D /* uber.swift in Sources */ = {isa = PBXBuildFile; fileRef = 8ED792A81BC924C900E1F17D /* uber.swift */; settings = {ASSET_TAGS = (); }; };
		8ED792AB1BC924D800E1F17D /* yelp.swift in Sources */ = {isa = PBXBuildFile; fileRef = 8ED792AA1BC924D800E1F17D /* yelp.swift */; settings = {ASSET_TAGS = (); }; };
/* End PBXBuildFile section */

/* Begin PBXFileReference section */
		25D283DE4BFD67545B09EF23 /* Pods-yelpper.debug.xcconfig */ = {isa = PBXFileReference; includeInIndex = 1; lastKnownFileType = text.xcconfig; name = "Pods-yelpper.debug.xcconfig"; path = "Pods/Target Support Files/Pods-yelpper/Pods-yelpper.debug.xcconfig"; sourceTree = "<group>"; };
		311DB2257497C3DE6D1805D5 /* Pods-yelpper.release.xcconfig */ = {isa = PBXFileReference; includeInIndex = 1; lastKnownFileType = text.xcconfig; name = "Pods-yelpper.release.xcconfig"; path = "Pods/Target Support Files/Pods-yelpper/Pods-yelpper.release.xcconfig"; sourceTree = "<group>"; };
		5C4692321BC91BE400835DF9 /* yelpper.app */ = {isa = PBXFileReference; explicitFileType = wrapper.application; includeInIndex = 0; path = yelpper.app; sourceTree = BUILT_PRODUCTS_DIR; };
		5C4692351BC91BE400835DF9 /* AppDelegate.swift */ = {isa = PBXFileReference; lastKnownFileType = sourcecode.swift; path = AppDelegate.swift; sourceTree = "<group>"; };
		5C46923A1BC91BE400835DF9 /* Base */ = {isa = PBXFileReference; lastKnownFileType = file.storyboard; name = Base; path = Base.lproj/Main.storyboard; sourceTree = "<group>"; };
		5C46923C1BC91BE400835DF9 /* Assets.xcassets */ = {isa = PBXFileReference; lastKnownFileType = folder.assetcatalog; path = Assets.xcassets; sourceTree = "<group>"; };
		5C46923F1BC91BE400835DF9 /* Base */ = {isa = PBXFileReference; lastKnownFileType = file.storyboard; name = Base; path = Base.lproj/LaunchScreen.storyboard; sourceTree = "<group>"; };
		5C4692411BC91BE400835DF9 /* Info.plist */ = {isa = PBXFileReference; lastKnownFileType = text.plist.xml; path = Info.plist; sourceTree = "<group>"; };
		8E18D3501BC9D6EC00F48D73 /* yelpper-Bridging-Header.h */ = {isa = PBXFileReference; lastKnownFileType = sourcecode.c.h; path = "yelpper-Bridging-Header.h"; sourceTree = "<group>"; };
		8ED792A31BC9239E00E1F17D /* loginViewController.swift */ = {isa = PBXFileReference; fileEncoding = 4; lastKnownFileType = sourcecode.swift; path = loginViewController.swift; sourceTree = "<group>"; };
		8ED792A51BC9242000E1F17D /* optionsViewController.swift */ = {isa = PBXFileReference; fileEncoding = 4; lastKnownFileType = sourcecode.swift; path = optionsViewController.swift; sourceTree = "<group>"; };
		8ED792A81BC924C900E1F17D /* uber.swift */ = {isa = PBXFileReference; fileEncoding = 4; lastKnownFileType = sourcecode.swift; path = uber.swift; sourceTree = "<group>"; };
		8ED792AA1BC924D800E1F17D /* yelp.swift */ = {isa = PBXFileReference; fileEncoding = 4; lastKnownFileType = sourcecode.swift; path = yelp.swift; sourceTree = "<group>"; };
		CF70FECB92522FD79DCBBC94 /* libPods-yelpper.a */ = {isa = PBXFileReference; explicitFileType = archive.ar; includeInIndex = 0; path = "libPods-yelpper.a"; sourceTree = BUILT_PRODUCTS_DIR; };
/* End PBXFileReference section */

/* Begin PBXFrameworksBuildPhase section */
		5C46922F1BC91BE400835DF9 /* Frameworks */ = {
			isa = PBXFrameworksBuildPhase;
			buildActionMask = 2147483647;
			files = (
				59DA15B529F6D0A64EA820D6 /* libPods-yelpper.a in Frameworks */,
			);
			runOnlyForDeploymentPostprocessing = 0;
		};
/* End PBXFrameworksBuildPhase section */

/* Begin PBXGroup section */
		119D305BC3BB334D31EC9954 /* Pods */ = {
			isa = PBXGroup;
			children = (
				25D283DE4BFD67545B09EF23 /* Pods-yelpper.debug.xcconfig */,
				311DB2257497C3DE6D1805D5 /* Pods-yelpper.release.xcconfig */,
			);
			name = Pods;
			sourceTree = "<group>";
		};
		5C4692291BC91BE400835DF9 = {
			isa = PBXGroup;
			children = (
				5C4692341BC91BE400835DF9 /* yelpper */,
				5C4692331BC91BE400835DF9 /* Products */,
				119D305BC3BB334D31EC9954 /* Pods */,
				BAB2BE1D0DCA1D805E39B47B /* Frameworks */,
				8E18D3501BC9D6EC00F48D73 /* yelpper-Bridging-Header.h */,
			);
			sourceTree = "<group>";
		};
		5C4692331BC91BE400835DF9 /* Products */ = {
			isa = PBXGroup;
			children = (
				5C4692321BC91BE400835DF9 /* yelpper.app */,
			);
			name = Products;
			sourceTree = "<group>";
		};
		5C4692341BC91BE400835DF9 /* yelpper */ = {
			isa = PBXGroup;
			children = (
				5C4692351BC91BE400835DF9 /* AppDelegate.swift */,
				8ED792A71BC9246E00E1F17D /* Classes */,
				8ED792A21BC9237F00E1F17D /* viewControllers */,
				5C4692391BC91BE400835DF9 /* Main.storyboard */,
				5C46923C1BC91BE400835DF9 /* Assets.xcassets */,
				5C46923E1BC91BE400835DF9 /* LaunchScreen.storyboard */,
				5C4692411BC91BE400835DF9 /* Info.plist */,
			);
			path = yelpper;
			sourceTree = "<group>";
		};
		8ED792A21BC9237F00E1F17D /* viewControllers */ = {
			isa = PBXGroup;
			children = (
				8ED792A31BC9239E00E1F17D /* loginViewController.swift */,
				8ED792A51BC9242000E1F17D /* optionsViewController.swift */,
			);
			name = viewControllers;
			sourceTree = "<group>";
		};
		8ED792A71BC9246E00E1F17D /* Classes */ = {
			isa = PBXGroup;
			children = (
				8ED792A81BC924C900E1F17D /* uber.swift */,
				8ED792AA1BC924D800E1F17D /* yelp.swift */,
			);
			name = Classes;
			sourceTree = "<group>";
		};
		BAB2BE1D0DCA1D805E39B47B /* Frameworks */ = {
			isa = PBXGroup;
			children = (
				CF70FECB92522FD79DCBBC94 /* libPods-yelpper.a */,
			);
			name = Frameworks;
			sourceTree = "<group>";
		};
/* End PBXGroup section */

/* Begin PBXNativeTarget section */
		5C4692311BC91BE400835DF9 /* yelpper */ = {
			isa = PBXNativeTarget;
			buildConfigurationList = 5C4692441BC91BE400835DF9 /* Build configuration list for PBXNativeTarget "yelpper" */;
			buildPhases = (
				3BBD17611C55B460A3B944F8 /* Check Pods Manifest.lock */,
				5C46922E1BC91BE400835DF9 /* Sources */,
				5C46922F1BC91BE400835DF9 /* Frameworks */,
				5C4692301BC91BE400835DF9 /* Resources */,
				0F4F3726BDC07D851F9C2377 /* Copy Pods Resources */,
			);
			buildRules = (
			);
			dependencies = (
			);
			name = yelpper;
			productName = yelpper;
			productReference = 5C4692321BC91BE400835DF9 /* yelpper.app */;
			productType = "com.apple.product-type.application";
		};
/* End PBXNativeTarget section */

/* Begin PBXProject section */
		5C46922A1BC91BE400835DF9 /* Project object */ = {
			isa = PBXProject;
			attributes = {
				LastSwiftUpdateCheck = 0700;
				LastUpgradeCheck = 0700;
				ORGANIZATIONNAME = "Jennifer Shen";
				TargetAttributes = {
					5C4692311BC91BE400835DF9 = {
						CreatedOnToolsVersion = 7.0.1;
					};
				};
			};
			buildConfigurationList = 5C46922D1BC91BE400835DF9 /* Build configuration list for PBXProject "yelpper" */;
			compatibilityVersion = "Xcode 3.2";
			developmentRegion = English;
			hasScannedForEncodings = 0;
			knownRegions = (
				en,
				Base,
			);
			mainGroup = 5C4692291BC91BE400835DF9;
			productRefGroup = 5C4692331BC91BE400835DF9 /* Products */;
			projectDirPath = "";
			projectRoot = "";
			targets = (
				5C4692311BC91BE400835DF9 /* yelpper */,
			);
		};
/* End PBXProject section */

/* Begin PBXResourcesBuildPhase section */
		5C4692301BC91BE400835DF9 /* Resources */ = {
			isa = PBXResourcesBuildPhase;
			buildActionMask = 2147483647;
			files = (
				5C4692401BC91BE400835DF9 /* LaunchScreen.storyboard in Resources */,
				5C46923D1BC91BE400835DF9 /* Assets.xcassets in Resources */,
				5C46923B1BC91BE400835DF9 /* Main.storyboard in Resources */,
			);
			runOnlyForDeploymentPostprocessing = 0;
		};
/* End PBXResourcesBuildPhase section */

/* Begin PBXShellScriptBuildPhase section */
		0F4F3726BDC07D851F9C2377 /* Copy Pods Resources */ = {
			isa = PBXShellScriptBuildPhase;
			buildActionMask = 2147483647;
			files = (
			);
			inputPaths = (
			);
			name = "Copy Pods Resources";
			outputPaths = (
			);
			runOnlyForDeploymentPostprocessing = 0;
			shellPath = /bin/sh;
			shellScript = "\"${SRCROOT}/Pods/Target Support Files/Pods-yelpper/Pods-yelpper-resources.sh\"\n";
			showEnvVarsInLog = 0;
		};
		3BBD17611C55B460A3B944F8 /* Check Pods Manifest.lock */ = {
			isa = PBXShellScriptBuildPhase;
			buildActionMask = 2147483647;
			files = (
			);
			inputPaths = (
			);
			name = "Check Pods Manifest.lock";
			outputPaths = (
			);
			runOnlyForDeploymentPostprocessing = 0;
			shellPath = /bin/sh;
			shellScript = "diff \"${PODS_ROOT}/../Podfile.lock\" \"${PODS_ROOT}/Manifest.lock\" > /dev/null\nif [[ $? != 0 ]] ; then\n    cat << EOM\nerror: The sandbox is not in sync with the Podfile.lock. Run 'pod install' or update your CocoaPods installation.\nEOM\n    exit 1\nfi\n";
			showEnvVarsInLog = 0;
		};
/* End PBXShellScriptBuildPhase section */

/* Begin PBXSourcesBuildPhase section */
		5C46922E1BC91BE400835DF9 /* Sources */ = {
			isa = PBXSourcesBuildPhase;
			buildActionMask = 2147483647;
			files = (
				8ED792A41BC9239E00E1F17D /* loginViewController.swift in Sources */,
				5C4692361BC91BE400835DF9 /* AppDelegate.swift in Sources */,
				8ED792AB1BC924D800E1F17D /* yelp.swift in Sources */,
				8ED792A61BC9242000E1F17D /* optionsViewController.swift in Sources */,
				8ED792A91BC924C900E1F17D /* uber.swift in Sources */,
			);
			runOnlyForDeploymentPostprocessing = 0;
		};
/* End PBXSourcesBuildPhase section */

/* Begin PBXVariantGroup section */
		5C4692391BC91BE400835DF9 /* Main.storyboard */ = {
			isa = PBXVariantGroup;
			children = (
				5C46923A1BC91BE400835DF9 /* Base */,
			);
			name = Main.storyboard;
			sourceTree = "<group>";
		};
		5C46923E1BC91BE400835DF9 /* LaunchScreen.storyboard */ = {
			isa = PBXVariantGroup;
			children = (
				5C46923F1BC91BE400835DF9 /* Base */,
			);
			name = LaunchScreen.storyboard;
			sourceTree = "<group>";
		};
/* End PBXVariantGroup section */

/* Begin XCBuildConfiguration section */
		5C4692421BC91BE400835DF9 /* Debug */ = {
			isa = XCBuildConfiguration;
			buildSettings = {
				ALWAYS_SEARCH_USER_PATHS = NO;
				CLANG_CXX_LANGUAGE_STANDARD = "gnu++0x";
				CLANG_CXX_LIBRARY = "libc++";
				CLANG_ENABLE_MODULES = YES;
				CLANG_ENABLE_OBJC_ARC = YES;
				CLANG_WARN_BOOL_CONVERSION = YES;
				CLANG_WARN_CONSTANT_CONVERSION = YES;
				CLANG_WARN_DIRECT_OBJC_ISA_USAGE = YES_ERROR;
				CLANG_WARN_EMPTY_BODY = YES;
				CLANG_WARN_ENUM_CONVERSION = YES;
				CLANG_WARN_INT_CONVERSION = YES;
				CLANG_WARN_OBJC_ROOT_CLASS = YES_ERROR;
				CLANG_WARN_UNREACHABLE_CODE = YES;
				CLANG_WARN__DUPLICATE_METHOD_MATCH = YES;
				"CODE_SIGN_IDENTITY[sdk=iphoneos*]" = "iPhone Developer";
				COPY_PHASE_STRIP = NO;
				DEBUG_INFORMATION_FORMAT = dwarf;
				ENABLE_STRICT_OBJC_MSGSEND = YES;
				ENABLE_TESTABILITY = YES;
				GCC_C_LANGUAGE_STANDARD = gnu99;
				GCC_DYNAMIC_NO_PIC = NO;
				GCC_NO_COMMON_BLOCKS = YES;
				GCC_OPTIMIZATION_LEVEL = 0;
				GCC_PREPROCESSOR_DEFINITIONS = (
					"DEBUG=1",
					"$(inherited)",
				);
				GCC_WARN_64_TO_32_BIT_CONVERSION = YES;
				GCC_WARN_ABOUT_RETURN_TYPE = YES_ERROR;
				GCC_WARN_UNDECLARED_SELECTOR = YES;
				GCC_WARN_UNINITIALIZED_AUTOS = YES_AGGRESSIVE;
				GCC_WARN_UNUSED_FUNCTION = YES;
				GCC_WARN_UNUSED_VARIABLE = YES;
				IPHONEOS_DEPLOYMENT_TARGET = 9.0;
				MTL_ENABLE_DEBUG_INFO = YES;
				ONLY_ACTIVE_ARCH = YES;
				SDKROOT = iphoneos;
				SWIFT_OPTIMIZATION_LEVEL = "-Onone";
			};
			name = Debug;
		};
		5C4692431BC91BE400835DF9 /* Release */ = {
			isa = XCBuildConfiguration;
			buildSettings = {
				ALWAYS_SEARCH_USER_PATHS = NO;
				CLANG_CXX_LANGUAGE_STANDARD = "gnu++0x";
				CLANG_CXX_LIBRARY = "libc++";
				CLANG_ENABLE_MODULES = YES;
				CLANG_ENABLE_OBJC_ARC = YES;
				CLANG_WARN_BOOL_CONVERSION = YES;
				CLANG_WARN_CONSTANT_CONVERSION = YES;
				CLANG_WARN_DIRECT_OBJC_ISA_USAGE = YES_ERROR;
				CLANG_WARN_EMPTY_BODY = YES;
				CLANG_WARN_ENUM_CONVERSION = YES;
				CLANG_WARN_INT_CONVERSION = YES;
				CLANG_WARN_OBJC_ROOT_CLASS = YES_ERROR;
				CLANG_WARN_UNREACHABLE_CODE = YES;
				CLANG_WARN__DUPLICATE_METHOD_MATCH = YES;
				"CODE_SIGN_IDENTITY[sdk=iphoneos*]" = "iPhone Developer";
				COPY_PHASE_STRIP = NO;
				DEBUG_INFORMATION_FORMAT = "dwarf-with-dsym";
				ENABLE_NS_ASSERTIONS = NO;
				ENABLE_STRICT_OBJC_MSGSEND = YES;
				GCC_C_LANGUAGE_STANDARD = gnu99;
				GCC_NO_COMMON_BLOCKS = YES;
				GCC_WARN_64_TO_32_BIT_CONVERSION = YES;
				GCC_WARN_ABOUT_RETURN_TYPE = YES_ERROR;
				GCC_WARN_UNDECLARED_SELECTOR = YES;
				GCC_WARN_UNINITIALIZED_AUTOS = YES_AGGRESSIVE;
				GCC_WARN_UNUSED_FUNCTION = YES;
				GCC_WARN_UNUSED_VARIABLE = YES;
				IPHONEOS_DEPLOYMENT_TARGET = 9.0;
				MTL_ENABLE_DEBUG_INFO = NO;
				SDKROOT = iphoneos;
				VALIDATE_PRODUCT = YES;
			};
			name = Release;
		};
		5C4692451BC91BE400835DF9 /* Debug */ = {
			isa = XCBuildConfiguration;
			baseConfigurationReference = 25D283DE4BFD67545B09EF23 /* Pods-yelpper.debug.xcconfig */;
			buildSettings = {
				ASSETCATALOG_COMPILER_APPICON_NAME = AppIcon;
				CLANG_ENABLE_MODULES = YES;
				INFOPLIST_FILE = yelpper/Info.plist;
				LD_RUNPATH_SEARCH_PATHS = "$(inherited) @executable_path/Frameworks";
				PRODUCT_BUNDLE_IDENTIFIER = "Jennifer-Shen.yelpper";
				PRODUCT_NAME = "$(TARGET_NAME)";
				SWIFT_OBJC_BRIDGING_HEADER = "yelpper-Bridging-Header.h";
				SWIFT_OPTIMIZATION_LEVEL = "-Onone";
			};
			name = Debug;
		};
		5C4692461BC91BE400835DF9 /* Release */ = {
			isa = XCBuildConfiguration;
			baseConfigurationReference = 311DB2257497C3DE6D1805D5 /* Pods-yelpper.release.xcconfig */;
			buildSettings = {
				ASSETCATALOG_COMPILER_APPICON_NAME = AppIcon;
				CLANG_ENABLE_MODULES = YES;
				INFOPLIST_FILE = yelpper/Info.plist;
				LD_RUNPATH_SEARCH_PATHS = "$(inherited) @executable_path/Frameworks";
				PRODUCT_BUNDLE_IDENTIFIER = "Jennifer-Shen.yelpper";
				PRODUCT_NAME = "$(TARGET_NAME)";
				SWIFT_OBJC_BRIDGING_HEADER = "yelpper-Bridging-Header.h";
			};
			name = Release;
		};
/* End XCBuildConfiguration section */

/* Begin XCConfigurationList section */
		5C46922D1BC91BE400835DF9 /* Build configuration list for PBXProject "yelpper" */ = {
			isa = XCConfigurationList;
			buildConfigurations = (
				5C4692421BC91BE400835DF9 /* Debug */,
				5C4692431BC91BE400835DF9 /* Release */,
			);
			defaultConfigurationIsVisible = 0;
			defaultConfigurationName = Release;
		};
		5C4692441BC91BE400835DF9 /* Build configuration list for PBXNativeTarget "yelpper" */ = {
			isa = XCConfigurationList;
			buildConfigurations = (
				5C4692451BC91BE400835DF9 /* Debug */,
				5C4692461BC91BE400835DF9 /* Release */,
			);
			defaultConfigurationIsVisible = 0;
			defaultConfigurationName = Release;
		};
/* End XCConfigurationList section */
	};
	rootObject = 5C46922A1BC91BE400835DF9 /* Project object */;
}
